
Microsoft Visual Studio Solution File, Format Version 12.00
# Visual Studio 15
VisualStudioVersion = 15.0.28307.2092
MinimumVisualStudioVersion = 10.0.40219.1
Project("{2150E333-8FDC-42A3-9474-1A3956D46DE8}") = "0_thirdparty", "0_thirdparty", "{EBBBC5AB-E662-45E5-BA81-FB445F6B829F}"
EndProject
Project("{2150E333-8FDC-42A3-9474-1A3956D46DE8}") = "0_lib", "0_lib", "{B3EE62E9-F876-4359-A1BF-A151A7F9A2F5}"
EndProject
Project("{2150E333-8FDC-42A3-9474-1A3956D46DE8}") = "1_dll", "1_dll", "{1BFC9E16-6962-4FE5-981B-0B2C90F3CEA8}"
EndProject
Project("{8BC9CEB8-8B4A-11D0-8D11-00A0C91BC942}") = "libberkeleydb", "thirdparty\berkeleydb-5.3.28_linux\libberkeleydb_linux.vcxproj", "{A3961115-0AC8-478E-8A96-5AD9E3DC1871}"
EndProject
Project("{8BC9CEB8-8B4A-11D0-8D11-00A0C91BC942}") = "berkeleydb", "thirdparty\berkeleydb-5.3.28_linux\berkeleydb_linux.vcxproj", "{6F09D823-1ABB-4AEF-8338-A654DFB21FC3}"
EndProject
Project("{8BC9CEB8-8B4A-11D0-8D11-00A0C91BC942}") = "libbzip2", "thirdparty\bzip2-1.0.8\libbzip2_linux.vcxproj", "{599638A3-938C-492A-A61C-3B1D55B1210E}"
EndProject
Project("{8BC9CEB8-8B4A-11D0-8D11-00A0C91BC942}") = "bzip2", "thirdparty\bzip2-1.0.8\bzip2_linux.vcxproj", "{B3D12233-9673-4CE5-A799-2C2124912D09}"
EndProject
Project("{8BC9CEB8-8B4A-11D0-8D11-00A0C91BC942}") = "libexpat", "thirdparty\expat-R_2_4_8\libexpat_linux.vcxproj", "{764CCA10-E1FE-48B2-A2CC-E628AACD8823}"
EndProject
Project("{8BC9CEB8-8B4A-11D0-8D11-00A0C91BC942}") = "expat", "thirdparty\expat-R_2_4_8\expat_linux.vcxproj", "{A4EC6EE6-8317-41AC-A866-8BF7F58CDAB4}"
EndProject
Project("{8BC9CEB8-8B4A-11D0-8D11-00A0C91BC942}") = "libiconv", "thirdparty\iconv-1.17_linux\libiconv_linux.vcxproj", "{87E17EFB-3069-4CC8-A6ED-42CFFB16F4E6}"
EndProject
Project("{8BC9CEB8-8B4A-11D0-8D11-00A0C91BC942}") = "iconv", "thirdparty\iconv-1.17_linux\iconv_linux.vcxproj", "{632BC121-F979-4CD5-9AAC-B6C93B521153}"
EndProject
Project("{8BC9CEB8-8B4A-11D0-8D11-00A0C91BC942}") = "libmcpp", "thirdparty\mcpp-2.7.2\libmcpp_linux.vcxproj", "{98B58DD1-45F1-4788-8B79-102885DFBA5B}"
EndProject
Project("{8BC9CEB8-8B4A-11D0-8D11-00A0C91BC942}") = "mcpp", "thirdparty\mcpp-2.7.2\mcpp_linux.vcxproj", "{29B24DE1-B5B3-430B-A861-194C2061B1B4}"
EndProject
Project("{8BC9CEB8-8B4A-11D0-8D11-00A0C91BC942}") = "libopenssl", "thirdparty\openssl-1.1.1q_linux\libopenssl.vcxproj", "{22167351-3024-452A-B42C-C4B9414FBB26}"
EndProject
Project("{8BC9CEB8-8B4A-11D0-8D11-00A0C91BC942}") = "openssl", "thirdparty\openssl-1.1.1q_linux\openssl.vcxproj", "{438B0EB0-98FE-45ED-913D-2F0AF248CADE}"
EndProject
Project("{2150E333-8FDC-42A3-9474-1A3956D46DE8}") = "0_thirdparty_ice", "0_thirdparty_ice", "{8F2852EA-C968-4E5B-A7A9-CEB630B4BD98}"
EndProject
Project("{2150E333-8FDC-42A3-9474-1A3956D46DE8}") = "0_lib", "0_lib", "{19A8519D-B91C-4E9E-B9B2-786DF94756C5}"
EndProject
Project("{8BC9CEB8-8B4A-11D0-8D11-00A0C91BC942}") = "libice", "thirdparty\Ice-3.5.1\libice_linux.vcxproj", "{791642ED-9E59-4F42-927B-3562F869D9C1}"
EndProject
Project("{2150E333-8FDC-42A3-9474-1A3956D46DE8}") = "1_dll", "1_dll", "{2DE20A8B-AD6C-4BAB-9C50-B7486D87639F}"
EndProject
Project("{8BC9CEB8-8B4A-11D0-8D11-00A0C91BC942}") = "icessl", "thirdparty\Ice-3.5.1\src\IceSSL\icessl_linux.vcxproj", "{B48CF3BD-AE15-4D41-A9B6-31EFADCDABB3}"
EndProject
Project("{8BC9CEB8-8B4A-11D0-8D11-00A0C91BC942}") = "icegridfreezedb", "thirdparty\Ice-3.5.1\src\IceGridFreezeDB\icegridfreezedb_linux.vcxproj", "{2BC149B1-169A-47F1-B2A1-816CBE026B2A}"
EndProject
Project("{8BC9CEB8-8B4A-11D0-8D11-00A0C91BC942}") = "ice", "thirdparty\Ice-3.5.1\ice_linux.vcxproj", "{3E409FD3-0FA4-43F4-AD13-138DF1A600D4}"
EndProject
Global
	GlobalSection(SolutionConfigurationPlatforms) = preSolution
		Debug|x64 = Debug|x64
		Release|x64 = Release|x64
	EndGlobalSection
	GlobalSection(ProjectConfigurationPlatforms) = postSolution
		{A3961115-0AC8-478E-8A96-5AD9E3DC1871}.Debug|x64.ActiveCfg = Debug|x64
		{A3961115-0AC8-478E-8A96-5AD9E3DC1871}.Debug|x64.Build.0 = Debug|x64
		{A3961115-0AC8-478E-8A96-5AD9E3DC1871}.Release|x64.ActiveCfg = Release|x64
		{A3961115-0AC8-478E-8A96-5AD9E3DC1871}.Release|x64.Build.0 = Release|x64
		{6F09D823-1ABB-4AEF-8338-A654DFB21FC3}.Debug|x64.ActiveCfg = Debug|x64
		{6F09D823-1ABB-4AEF-8338-A654DFB21FC3}.Debug|x64.Build.0 = Debug|x64
		{6F09D823-1ABB-4AEF-8338-A654DFB21FC3}.Release|x64.ActiveCfg = Release|x64
		{6F09D823-1ABB-4AEF-8338-A654DFB21FC3}.Release|x64.Build.0 = Release|x64
		{599638A3-938C-492A-A61C-3B1D55B1210E}.Debug|x64.ActiveCfg = Debug|x64
		{599638A3-938C-492A-A61C-3B1D55B1210E}.Debug|x64.Build.0 = Debug|x64
		{599638A3-938C-492A-A61C-3B1D55B1210E}.Release|x64.ActiveCfg = Release|x64
		{599638A3-938C-492A-A61C-3B1D55B1210E}.Release|x64.Build.0 = Release|x64
		{B3D12233-9673-4CE5-A799-2C2124912D09}.Debug|x64.ActiveCfg = Debug|x64
		{B3D12233-9673-4CE5-A799-2C2124912D09}.Debug|x64.Build.0 = Debug|x64
		{B3D12233-9673-4CE5-A799-2C2124912D09}.Release|x64.ActiveCfg = Release|x64
		{B3D12233-9673-4CE5-A799-2C2124912D09}.Release|x64.Build.0 = Release|x64
		{764CCA10-E1FE-48B2-A2CC-E628AACD8823}.Debug|x64.ActiveCfg = Debug|x64
		{764CCA10-E1FE-48B2-A2CC-E628AACD8823}.Debug|x64.Build.0 = Debug|x64
		{764CCA10-E1FE-48B2-A2CC-E628AACD8823}.Release|x64.ActiveCfg = Release|x64
		{764CCA10-E1FE-48B2-A2CC-E628AACD8823}.Release|x64.Build.0 = Release|x64
		{A4EC6EE6-8317-41AC-A866-8BF7F58CDAB4}.Debug|x64.ActiveCfg = Debug|x64
		{A4EC6EE6-8317-41AC-A866-8BF7F58CDAB4}.Debug|x64.Build.0 = Debug|x64
		{A4EC6EE6-8317-41AC-A866-8BF7F58CDAB4}.Release|x64.ActiveCfg = Release|x64
		{A4EC6EE6-8317-41AC-A866-8BF7F58CDAB4}.Release|x64.Build.0 = Release|x64
		{87E17EFB-3069-4CC8-A6ED-42CFFB16F4E6}.Debug|x64.ActiveCfg = Debug|x64
		{87E17EFB-3069-4CC8-A6ED-42CFFB16F4E6}.Debug|x64.Build.0 = Debug|x64
		{87E17EFB-3069-4CC8-A6ED-42CFFB16F4E6}.Release|x64.ActiveCfg = Release|x64
		{87E17EFB-3069-4CC8-A6ED-42CFFB16F4E6}.Release|x64.Build.0 = Release|x64
		{632BC121-F979-4CD5-9AAC-B6C93B521153}.Debug|x64.ActiveCfg = Debug|x64
		{632BC121-F979-4CD5-9AAC-B6C93B521153}.Debug|x64.Build.0 = Debug|x64
		{632BC121-F979-4CD5-9AAC-B6C93B521153}.Release|x64.ActiveCfg = Release|x64
		{632BC121-F979-4CD5-9AAC-B6C93B521153}.Release|x64.Build.0 = Release|x64
		{98B58DD1-45F1-4788-8B79-102885DFBA5B}.Debug|x64.ActiveCfg = Debug|x64
		{98B58DD1-45F1-4788-8B79-102885DFBA5B}.Debug|x64.Build.0 = Debug|x64
		{98B58DD1-45F1-4788-8B79-102885DFBA5B}.Release|x64.ActiveCfg = Release|x64
		{98B58DD1-45F1-4788-8B79-102885DFBA5B}.Release|x64.Build.0 = Release|x64
		{29B24DE1-B5B3-430B-A861-194C2061B1B4}.Debug|x64.ActiveCfg = Debug|x64
		{29B24DE1-B5B3-430B-A861-194C2061B1B4}.Debug|x64.Build.0 = Debug|x64
		{29B24DE1-B5B3-430B-A861-194C2061B1B4}.Release|x64.ActiveCfg = Release|x64
		{29B24DE1-B5B3-430B-A861-194C2061B1B4}.Release|x64.Build.0 = Release|x64
		{22167351-3024-452A-B42C-C4B9414FBB26}.Debug|x64.ActiveCfg = Debug|x64
		{22167351-3024-452A-B42C-C4B9414FBB26}.Debug|x64.Build.0 = Debug|x64
		{22167351-3024-452A-B42C-C4B9414FBB26}.Release|x64.ActiveCfg = Release|x64
		{22167351-3024-452A-B42C-C4B9414FBB26}.Release|x64.Build.0 = Release|x64
		{438B0EB0-98FE-45ED-913D-2F0AF248CADE}.Debug|x64.ActiveCfg = Debug|x64
		{438B0EB0-98FE-45ED-913D-2F0AF248CADE}.Debug|x64.Build.0 = Debug|x64
		{438B0EB0-98FE-45ED-913D-2F0AF248CADE}.Release|x64.ActiveCfg = Release|x64
		{438B0EB0-98FE-45ED-913D-2F0AF248CADE}.Release|x64.Build.0 = Release|x64
		{791642ED-9E59-4F42-927B-3562F869D9C1}.Debug|x64.ActiveCfg = Debug|x64
		{791642ED-9E59-4F42-927B-3562F869D9C1}.Debug|x64.Build.0 = Debug|x64
		{791642ED-9E59-4F42-927B-3562F869D9C1}.Release|x64.ActiveCfg = Release|x64
		{791642ED-9E59-4F42-927B-3562F869D9C1}.Release|x64.Build.0 = Release|x64
		{B48CF3BD-AE15-4D41-A9B6-31EFADCDABB3}.Debug|x64.ActiveCfg = Debug|x64
		{B48CF3BD-AE15-4D41-A9B6-31EFADCDABB3}.Debug|x64.Build.0 = Debug|x64
		{B48CF3BD-AE15-4D41-A9B6-31EFADCDABB3}.Release|x64.ActiveCfg = Release|x64
		{B48CF3BD-AE15-4D41-A9B6-31EFADCDABB3}.Release|x64.Build.0 = Release|x64
		{2BC149B1-169A-47F1-B2A1-816CBE026B2A}.Debug|x64.ActiveCfg = Debug|x64
		{2BC149B1-169A-47F1-B2A1-816CBE026B2A}.Debug|x64.Build.0 = Debug|x64
		{2BC149B1-169A-47F1-B2A1-816CBE026B2A}.Release|x64.ActiveCfg = Release|x64
		{2BC149B1-169A-47F1-B2A1-816CBE026B2A}.Release|x64.Build.0 = Release|x64
		{3E409FD3-0FA4-43F4-AD13-138DF1A600D4}.Debug|x64.ActiveCfg = Debug|x64
		{3E409FD3-0FA4-43F4-AD13-138DF1A600D4}.Debug|x64.Build.0 = Debug|x64
		{3E409FD3-0FA4-43F4-AD13-138DF1A600D4}.Release|x64.ActiveCfg = Release|x64
		{3E409FD3-0FA4-43F4-AD13-138DF1A600D4}.Release|x64.Build.0 = Release|x64
	EndGlobalSection
	GlobalSection(SolutionProperties) = preSolution
		HideSolutionNode = FALSE
	EndGlobalSection
	GlobalSection(NestedProjects) = preSolution
		{B3EE62E9-F876-4359-A1BF-A151A7F9A2F5} = {EBBBC5AB-E662-45E5-BA81-FB445F6B829F}
		{1BFC9E16-6962-4FE5-981B-0B2C90F3CEA8} = {EBBBC5AB-E662-45E5-BA81-FB445F6B829F}
		{A3961115-0AC8-478E-8A96-5AD9E3DC1871} = {B3EE62E9-F876-4359-A1BF-A151A7F9A2F5}
		{6F09D823-1ABB-4AEF-8338-A654DFB21FC3} = {1BFC9E16-6962-4FE5-981B-0B2C90F3CEA8}
		{599638A3-938C-492A-A61C-3B1D55B1210E} = {B3EE62E9-F876-4359-A1BF-A151A7F9A2F5}
		{B3D12233-9673-4CE5-A799-2C2124912D09} = {1BFC9E16-6962-4FE5-981B-0B2C90F3CEA8}
		{764CCA10-E1FE-48B2-A2CC-E628AACD8823} = {B3EE62E9-F876-4359-A1BF-A151A7F9A2F5}
		{A4EC6EE6-8317-41AC-A866-8BF7F58CDAB4} = {1BFC9E16-6962-4FE5-981B-0B2C90F3CEA8}
		{87E17EFB-3069-4CC8-A6ED-42CFFB16F4E6} = {B3EE62E9-F876-4359-A1BF-A151A7F9A2F5}
		{632BC121-F979-4CD5-9AAC-B6C93B521153} = {1BFC9E16-6962-4FE5-981B-0B2C90F3CEA8}
		{98B58DD1-45F1-4788-8B79-102885DFBA5B} = {B3EE62E9-F876-4359-A1BF-A151A7F9A2F5}
		{29B24DE1-B5B3-430B-A861-194C2061B1B4} = {1BFC9E16-6962-4FE5-981B-0B2C90F3CEA8}
		{22167351-3024-452A-B42C-C4B9414FBB26} = {B3EE62E9-F876-4359-A1BF-A151A7F9A2F5}
		{438B0EB0-98FE-45ED-913D-2F0AF248CADE} = {1BFC9E16-6962-4FE5-981B-0B2C90F3CEA8}
		{19A8519D-B91C-4E9E-B9B2-786DF94756C5} = {8F2852EA-C968-4E5B-A7A9-CEB630B4BD98}
		{791642ED-9E59-4F42-927B-3562F869D9C1} = {19A8519D-B91C-4E9E-B9B2-786DF94756C5}
		{2DE20A8B-AD6C-4BAB-9C50-B7486D87639F} = {8F2852EA-C968-4E5B-A7A9-CEB630B4BD98}
		{B48CF3BD-AE15-4D41-A9B6-31EFADCDABB3} = {2DE20A8B-AD6C-4BAB-9C50-B7486D87639F}
		{2BC149B1-169A-47F1-B2A1-816CBE026B2A} = {2DE20A8B-AD6C-4BAB-9C50-B7486D87639F}
		{3E409FD3-0FA4-43F4-AD13-138DF1A600D4} = {2DE20A8B-AD6C-4BAB-9C50-B7486D87639F}
	EndGlobalSection
	GlobalSection(ExtensibilityGlobals) = postSolution
		SolutionGuid = {5806D430-DEB4-4E2B-8838-C80B410D7661}
	EndGlobalSection
EndGlobal
