
Microsoft Visual Studio Solution File, Format Version 12.00
# Visual Studio 15
VisualStudioVersion = 15.0.28307.2092
MinimumVisualStudioVersion = 10.0.40219.1
Project("{2150E333-8FDC-42A3-9474-1A3956D46DE8}") = "0_thirdparty", "0_thirdparty", "{EBBBC5AB-E662-45E5-BA81-FB445F6B829F}"
EndProject
Project("{2150E333-8FDC-42A3-9474-1A3956D46DE8}") = "1_dll", "1_dll", "{1BFC9E16-6962-4FE5-981B-0B2C90F3CEA8}"
EndProject
Project("{8BC9CEB8-8B4A-11D0-8D11-00A0C91BC942}") = "berkeleydb", "thirdparty\berkeleydb-5.3.28_linux\berkeleydb_linux.vcxproj", "{6F09D823-1ABB-4AEF-8338-A654DFB21FC3}"
EndProject
Project("{8BC9CEB8-8B4A-11D0-8D11-00A0C91BC942}") = "bzip2", "thirdparty\bzip2-1.0.8\bzip2_linux.vcxproj", "{B3D12233-9673-4CE5-A799-2C2124912D09}"
EndProject
Project("{8BC9CEB8-8B4A-11D0-8D11-00A0C91BC942}") = "expat", "thirdparty\expat-R_2_4_8\expat_linux.vcxproj", "{A4EC6EE6-8317-41AC-A866-8BF7F58CDAB4}"
EndProject
Project("{8BC9CEB8-8B4A-11D0-8D11-00A0C91BC942}") = "iconv", "thirdparty\iconv-1.17_linux\iconv_linux.vcxproj", "{632BC121-F979-4CD5-9AAC-B6C93B521153}"
EndProject
Project("{8BC9CEB8-8B4A-11D0-8D11-00A0C91BC942}") = "mcpp", "thirdparty\mcpp-2.7.2\mcpp_linux.vcxproj", "{29B24DE1-B5B3-430B-A861-194C2061B1B4}"
EndProject
Project("{8BC9CEB8-8B4A-11D0-8D11-00A0C91BC942}") = "openssl", "thirdparty\openssl-1.1.1q_linux\openssl.vcxproj", "{438B0EB0-98FE-45ED-913D-2F0AF248CADE}"
EndProject
Project("{2150E333-8FDC-42A3-9474-1A3956D46DE8}") = "0_thirdparty_ice", "0_thirdparty_ice", "{8F2852EA-C968-4E5B-A7A9-CEB630B4BD98}"
EndProject
Project("{2150E333-8FDC-42A3-9474-1A3956D46DE8}") = "1_dll", "1_dll", "{2DE20A8B-AD6C-4BAB-9C50-B7486D87639F}"
EndProject
Project("{8BC9CEB8-8B4A-11D0-8D11-00A0C91BC942}") = "icessl", "thirdparty\Ice-3.5.1\src\IceSSL\icessl_linux.vcxproj", "{B48CF3BD-AE15-4D41-A9B6-31EFADCDABB3}"
EndProject
Project("{8BC9CEB8-8B4A-11D0-8D11-00A0C91BC942}") = "icegridfreezedb", "thirdparty\Ice-3.5.1\src\IceGridFreezeDB\icegridfreezedb_linux.vcxproj", "{2BC149B1-169A-47F1-B2A1-816CBE026B2A}"
EndProject
Project("{8BC9CEB8-8B4A-11D0-8D11-00A0C91BC942}") = "ice", "thirdparty\Ice-3.5.1\ice_linux.vcxproj", "{3E409FD3-0FA4-43F4-AD13-138DF1A600D4}"
EndProject
Project("{8BC9CEB8-8B4A-11D0-8D11-00A0C91BC942}") = "icestormfreezedb", "thirdparty\Ice-3.5.1\src\IceStormFreezeDB\icestormfreezedb_linux.vcxproj", "{6E23AE98-74D9-44C7-B305-E502931E8690}"
EndProject
Project("{8BC9CEB8-8B4A-11D0-8D11-00A0C91BC942}") = "icestormservice35", "thirdparty\Ice-3.5.1\src\IceStormService\icestormservice35_linux.vcxproj", "{841FA4DB-5893-4815-B47F-0CD7ED117764}"
EndProject
Project("{2150E333-8FDC-42A3-9474-1A3956D46DE8}") = "2_exe", "2_exe", "{B363E3AD-9AB5-4A10-831E-B4B46D6A34EA}"
EndProject
Project("{2150E333-8FDC-42A3-9474-1A3956D46DE8}") = "freeze", "freeze", "{24A9688A-3A91-49E7-9DA0-2262853AA1FC}"
EndProject
Project("{8BC9CEB8-8B4A-11D0-8D11-00A0C91BC942}") = "dumpdb", "thirdparty\Ice-3.5.1\src\FreezeScript\dumpdb_linux.vcxproj", "{C4D4CE7E-AEC1-4D83-B163-215F386BFA3B}"
EndProject
Project("{8BC9CEB8-8B4A-11D0-8D11-00A0C91BC942}") = "transformdb", "thirdparty\Ice-3.5.1\src\FreezeScript\transformdb_linux.vcxproj", "{F3A78363-31BA-40E0-8C99-7A45E8A3ADDD}"
EndProject
Project("{2150E333-8FDC-42A3-9474-1A3956D46DE8}") = "glacier2", "glacier2", "{EB5874F2-E40E-4E39-AE8D-B529A63D6641}"
EndProject
Project("{8BC9CEB8-8B4A-11D0-8D11-00A0C91BC942}") = "glacier2router", "thirdparty\Ice-3.5.1\src\Glacier2\glacier2router_linux.vcxproj", "{7010FD1A-73F7-4CAB-9BE4-4E0E3DE5D015}"
EndProject
Project("{2150E333-8FDC-42A3-9474-1A3956D46DE8}") = "icebox", "icebox", "{93C31CF9-62D0-4FE8-B909-98A719B857D6}"
EndProject
Project("{8BC9CEB8-8B4A-11D0-8D11-00A0C91BC942}") = "icebox", "thirdparty\Ice-3.5.1\src\IceBox\icebox_linux.vcxproj", "{BBE3F455-0B8A-4802-9402-FC6CAC8D2989}"
EndProject
Project("{8BC9CEB8-8B4A-11D0-8D11-00A0C91BC942}") = "iceboxadmin", "thirdparty\Ice-3.5.1\src\IceBox\iceboxadmin_linux.vcxproj", "{5F5EA5B9-32BA-4F99-846E-9C6BB36DB3AF}"
EndProject
Project("{2150E333-8FDC-42A3-9474-1A3956D46DE8}") = "icegrid", "icegrid", "{75C179A4-1EF9-4806-8592-096613023D1E}"
EndProject
Project("{8BC9CEB8-8B4A-11D0-8D11-00A0C91BC942}") = "icegridadmin", "thirdparty\Ice-3.5.1\src\IceGrid\icegridadmin_linux.vcxproj", "{96135113-19F7-49F6-9D44-827B3558BB7B}"
EndProject
Project("{8BC9CEB8-8B4A-11D0-8D11-00A0C91BC942}") = "icegridnode", "thirdparty\Ice-3.5.1\src\IceGrid\icegridnode_linux.vcxproj", "{1A2A73BF-D8DA-4BD2-994D-54F738F2950C}"
EndProject
Project("{8BC9CEB8-8B4A-11D0-8D11-00A0C91BC942}") = "icegridregistry", "thirdparty\Ice-3.5.1\src\IceGrid\icegridregistry_linux.vcxproj", "{3282219B-4D58-4FC5-A7A5-BDBED3CF173A}"
EndProject
Project("{2150E333-8FDC-42A3-9474-1A3956D46DE8}") = "icepatch2", "icepatch2", "{9BA6ED51-C01D-47A2-95FB-9F179C824B00}"
EndProject
Project("{8BC9CEB8-8B4A-11D0-8D11-00A0C91BC942}") = "icepatch2calc", "thirdparty\Ice-3.5.1\src\IcePatch2\icepatch2calc_linux.vcxproj", "{C11F2167-C76C-41ED-B4D5-DAA1D492E288}"
EndProject
Project("{8BC9CEB8-8B4A-11D0-8D11-00A0C91BC942}") = "icepatch2client", "thirdparty\Ice-3.5.1\src\IcePatch2\icepatch2client_linux.vcxproj", "{EDD3DD06-D208-4272-8140-0C94E620AE37}"
EndProject
Project("{8BC9CEB8-8B4A-11D0-8D11-00A0C91BC942}") = "icepatch2server", "thirdparty\Ice-3.5.1\src\IcePatch2\icepatch2server_linux.vcxproj", "{AB126D2B-E9DC-46D8-B9C1-491DBECB7E32}"
EndProject
Project("{2150E333-8FDC-42A3-9474-1A3956D46DE8}") = "icestorm", "icestorm", "{BB4706F0-58F7-463F-B40B-616E9E4564EF}"
EndProject
Project("{2150E333-8FDC-42A3-9474-1A3956D46DE8}") = "slice2", "slice2", "{5A47864A-2B76-4466-A309-875A9E01AFC2}"
EndProject
Project("{8BC9CEB8-8B4A-11D0-8D11-00A0C91BC942}") = "icestormadmin", "thirdparty\Ice-3.5.1\src\IceStorm\icestormadmin_linux.vcxproj", "{2F94AD96-B755-4CF4-A275-BD7751936972}"
EndProject
Project("{8BC9CEB8-8B4A-11D0-8D11-00A0C91BC942}") = "icestormmigrate", "thirdparty\Ice-3.5.1\src\IceStormMigrate\icestormmigrate_linux.vcxproj", "{29CE2F53-B173-4748-AF5C-5F284C79AD84}"
EndProject
Project("{8BC9CEB8-8B4A-11D0-8D11-00A0C91BC942}") = "slice2cpp", "thirdparty\Ice-3.5.1\src\slice2cpp\slice2cpp_linux.vcxproj", "{CE30677F-B2C5-46E5-B217-448253856F37}"
EndProject
Project("{8BC9CEB8-8B4A-11D0-8D11-00A0C91BC942}") = "slice2cs", "thirdparty\Ice-3.5.1\src\slice2cs\slice2cs_linux.vcxproj", "{CC19AA39-C322-4CED-A591-09F3E35287C3}"
EndProject
Project("{8BC9CEB8-8B4A-11D0-8D11-00A0C91BC942}") = "slice2freeze", "thirdparty\Ice-3.5.1\src\slice2freeze\slice2freeze_linux.vcxproj", "{21971CC6-CF33-4430-AC03-8304493CF553}"
EndProject
Project("{8BC9CEB8-8B4A-11D0-8D11-00A0C91BC942}") = "slice2freezej", "thirdparty\Ice-3.5.1\src\slice2freezej\slice2freezej_linux.vcxproj", "{9F0E530F-1054-4745-A935-F2D1FD686102}"
EndProject
Project("{8BC9CEB8-8B4A-11D0-8D11-00A0C91BC942}") = "slice2html", "thirdparty\Ice-3.5.1\src\slice2html\slice2html_linux.vcxproj", "{78F3B4C4-4EB4-4426-B140-8D860273D845}"
EndProject
Project("{8BC9CEB8-8B4A-11D0-8D11-00A0C91BC942}") = "slice2java", "thirdparty\Ice-3.5.1\src\slice2java\slice2java_linux.vcxproj", "{4F759134-0729-4DCC-A668-CAF588FD1671}"
EndProject
Project("{8BC9CEB8-8B4A-11D0-8D11-00A0C91BC942}") = "slice2php", "thirdparty\Ice-3.5.1\src\slice2php\slice2php_linux.vcxproj", "{BD93B07A-43AC-42C1-8FEA-5EED624A8477}"
EndProject
Project("{8BC9CEB8-8B4A-11D0-8D11-00A0C91BC942}") = "slice2py", "thirdparty\Ice-3.5.1\src\slice2py\slice2py_linux.vcxproj", "{106E4A91-D344-4017-8B97-4C3EA7600044}"
EndProject
Project("{8BC9CEB8-8B4A-11D0-8D11-00A0C91BC942}") = "slice2rb", "thirdparty\Ice-3.5.1\src\slice2rb\slice2rb_linux.vcxproj", "{EEAAA22D-280F-439C-8564-6E511A1C06D9}"
EndProject
Project("{2150E333-8FDC-42A3-9474-1A3956D46DE8}") = "1_demo", "1_demo", "{FBC7E3EF-B700-430F-886A-9EFCA2ED5DC4}"
EndProject
Project("{2150E333-8FDC-42A3-9474-1A3956D46DE8}") = "IceComponents", "IceComponents", "{ABD89FF2-0E45-4971-9BC4-100FA5D9F77B}"
EndProject
Project("{2150E333-8FDC-42A3-9474-1A3956D46DE8}") = "Ice", "Ice", "{DF6B39CA-DB56-440B-BDAC-B1FCD25C3CA5}"
EndProject
Project("{2150E333-8FDC-42A3-9474-1A3956D46DE8}") = "hello", "hello", "{8054328C-FAFD-4094-A288-847C0D298373}"
EndProject
Project("{8BC9CEB8-8B4A-11D0-8D11-00A0C91BC942}") = "Ice.hello.client", "demo\IceComponents\Ice\hello\Ice.hello.client_linux.vcxproj", "{51B1E6F8-A0B6-4F7C-AABC-A0599158DD19}"
EndProject
Project("{8BC9CEB8-8B4A-11D0-8D11-00A0C91BC942}") = "Ice.hello.server", "demo\IceComponents\Ice\hello\Ice.hello.server_linux.vcxproj", "{683FFCCE-3770-4A0E-AB96-3AF7A11F4E64}"
EndProject
Global
	GlobalSection(SolutionConfigurationPlatforms) = preSolution
		Debug|x64 = Debug|x64
		Release|x64 = Release|x64
	EndGlobalSection
	GlobalSection(ProjectConfigurationPlatforms) = postSolution
		{6F09D823-1ABB-4AEF-8338-A654DFB21FC3}.Debug|x64.ActiveCfg = Debug|x64
		{6F09D823-1ABB-4AEF-8338-A654DFB21FC3}.Debug|x64.Build.0 = Debug|x64
		{6F09D823-1ABB-4AEF-8338-A654DFB21FC3}.Release|x64.ActiveCfg = Release|x64
		{6F09D823-1ABB-4AEF-8338-A654DFB21FC3}.Release|x64.Build.0 = Release|x64
		{B3D12233-9673-4CE5-A799-2C2124912D09}.Debug|x64.ActiveCfg = Debug|x64
		{B3D12233-9673-4CE5-A799-2C2124912D09}.Debug|x64.Build.0 = Debug|x64
		{B3D12233-9673-4CE5-A799-2C2124912D09}.Release|x64.ActiveCfg = Release|x64
		{B3D12233-9673-4CE5-A799-2C2124912D09}.Release|x64.Build.0 = Release|x64
		{A4EC6EE6-8317-41AC-A866-8BF7F58CDAB4}.Debug|x64.ActiveCfg = Debug|x64
		{A4EC6EE6-8317-41AC-A866-8BF7F58CDAB4}.Debug|x64.Build.0 = Debug|x64
		{A4EC6EE6-8317-41AC-A866-8BF7F58CDAB4}.Release|x64.ActiveCfg = Release|x64
		{A4EC6EE6-8317-41AC-A866-8BF7F58CDAB4}.Release|x64.Build.0 = Release|x64
		{632BC121-F979-4CD5-9AAC-B6C93B521153}.Debug|x64.ActiveCfg = Debug|x64
		{632BC121-F979-4CD5-9AAC-B6C93B521153}.Debug|x64.Build.0 = Debug|x64
		{632BC121-F979-4CD5-9AAC-B6C93B521153}.Release|x64.ActiveCfg = Release|x64
		{632BC121-F979-4CD5-9AAC-B6C93B521153}.Release|x64.Build.0 = Release|x64
		{29B24DE1-B5B3-430B-A861-194C2061B1B4}.Debug|x64.ActiveCfg = Debug|x64
		{29B24DE1-B5B3-430B-A861-194C2061B1B4}.Debug|x64.Build.0 = Debug|x64
		{29B24DE1-B5B3-430B-A861-194C2061B1B4}.Release|x64.ActiveCfg = Release|x64
		{29B24DE1-B5B3-430B-A861-194C2061B1B4}.Release|x64.Build.0 = Release|x64
		{438B0EB0-98FE-45ED-913D-2F0AF248CADE}.Debug|x64.ActiveCfg = Debug|x64
		{438B0EB0-98FE-45ED-913D-2F0AF248CADE}.Debug|x64.Build.0 = Debug|x64
		{438B0EB0-98FE-45ED-913D-2F0AF248CADE}.Release|x64.ActiveCfg = Release|x64
		{438B0EB0-98FE-45ED-913D-2F0AF248CADE}.Release|x64.Build.0 = Release|x64
		{B48CF3BD-AE15-4D41-A9B6-31EFADCDABB3}.Debug|x64.ActiveCfg = Debug|x64
		{B48CF3BD-AE15-4D41-A9B6-31EFADCDABB3}.Debug|x64.Build.0 = Debug|x64
		{B48CF3BD-AE15-4D41-A9B6-31EFADCDABB3}.Release|x64.ActiveCfg = Release|x64
		{B48CF3BD-AE15-4D41-A9B6-31EFADCDABB3}.Release|x64.Build.0 = Release|x64
		{2BC149B1-169A-47F1-B2A1-816CBE026B2A}.Debug|x64.ActiveCfg = Debug|x64
		{2BC149B1-169A-47F1-B2A1-816CBE026B2A}.Debug|x64.Build.0 = Debug|x64
		{2BC149B1-169A-47F1-B2A1-816CBE026B2A}.Release|x64.ActiveCfg = Release|x64
		{2BC149B1-169A-47F1-B2A1-816CBE026B2A}.Release|x64.Build.0 = Release|x64
		{3E409FD3-0FA4-43F4-AD13-138DF1A600D4}.Debug|x64.ActiveCfg = Debug|x64
		{3E409FD3-0FA4-43F4-AD13-138DF1A600D4}.Debug|x64.Build.0 = Debug|x64
		{3E409FD3-0FA4-43F4-AD13-138DF1A600D4}.Release|x64.ActiveCfg = Release|x64
		{3E409FD3-0FA4-43F4-AD13-138DF1A600D4}.Release|x64.Build.0 = Release|x64
		{6E23AE98-74D9-44C7-B305-E502931E8690}.Debug|x64.ActiveCfg = Debug|x64
		{6E23AE98-74D9-44C7-B305-E502931E8690}.Debug|x64.Build.0 = Debug|x64
		{6E23AE98-74D9-44C7-B305-E502931E8690}.Release|x64.ActiveCfg = Release|x64
		{6E23AE98-74D9-44C7-B305-E502931E8690}.Release|x64.Build.0 = Release|x64
		{841FA4DB-5893-4815-B47F-0CD7ED117764}.Debug|x64.ActiveCfg = Debug|x64
		{841FA4DB-5893-4815-B47F-0CD7ED117764}.Debug|x64.Build.0 = Debug|x64
		{841FA4DB-5893-4815-B47F-0CD7ED117764}.Release|x64.ActiveCfg = Release|x64
		{841FA4DB-5893-4815-B47F-0CD7ED117764}.Release|x64.Build.0 = Release|x64
		{C4D4CE7E-AEC1-4D83-B163-215F386BFA3B}.Debug|x64.ActiveCfg = Debug|x64
		{C4D4CE7E-AEC1-4D83-B163-215F386BFA3B}.Debug|x64.Build.0 = Debug|x64
		{C4D4CE7E-AEC1-4D83-B163-215F386BFA3B}.Release|x64.ActiveCfg = Release|x64
		{C4D4CE7E-AEC1-4D83-B163-215F386BFA3B}.Release|x64.Build.0 = Release|x64
		{F3A78363-31BA-40E0-8C99-7A45E8A3ADDD}.Debug|x64.ActiveCfg = Debug|x64
		{F3A78363-31BA-40E0-8C99-7A45E8A3ADDD}.Debug|x64.Build.0 = Debug|x64
		{F3A78363-31BA-40E0-8C99-7A45E8A3ADDD}.Release|x64.ActiveCfg = Release|x64
		{F3A78363-31BA-40E0-8C99-7A45E8A3ADDD}.Release|x64.Build.0 = Release|x64
		{7010FD1A-73F7-4CAB-9BE4-4E0E3DE5D015}.Debug|x64.ActiveCfg = Debug|x64
		{7010FD1A-73F7-4CAB-9BE4-4E0E3DE5D015}.Debug|x64.Build.0 = Debug|x64
		{7010FD1A-73F7-4CAB-9BE4-4E0E3DE5D015}.Release|x64.ActiveCfg = Release|x64
		{7010FD1A-73F7-4CAB-9BE4-4E0E3DE5D015}.Release|x64.Build.0 = Release|x64
		{BBE3F455-0B8A-4802-9402-FC6CAC8D2989}.Debug|x64.ActiveCfg = Debug|x64
		{BBE3F455-0B8A-4802-9402-FC6CAC8D2989}.Debug|x64.Build.0 = Debug|x64
		{BBE3F455-0B8A-4802-9402-FC6CAC8D2989}.Release|x64.ActiveCfg = Release|x64
		{BBE3F455-0B8A-4802-9402-FC6CAC8D2989}.Release|x64.Build.0 = Release|x64
		{5F5EA5B9-32BA-4F99-846E-9C6BB36DB3AF}.Debug|x64.ActiveCfg = Debug|x64
		{5F5EA5B9-32BA-4F99-846E-9C6BB36DB3AF}.Debug|x64.Build.0 = Debug|x64
		{5F5EA5B9-32BA-4F99-846E-9C6BB36DB3AF}.Release|x64.ActiveCfg = Release|x64
		{5F5EA5B9-32BA-4F99-846E-9C6BB36DB3AF}.Release|x64.Build.0 = Release|x64
		{96135113-19F7-49F6-9D44-827B3558BB7B}.Debug|x64.ActiveCfg = Debug|x64
		{96135113-19F7-49F6-9D44-827B3558BB7B}.Debug|x64.Build.0 = Debug|x64
		{96135113-19F7-49F6-9D44-827B3558BB7B}.Release|x64.ActiveCfg = Release|x64
		{96135113-19F7-49F6-9D44-827B3558BB7B}.Release|x64.Build.0 = Release|x64
		{1A2A73BF-D8DA-4BD2-994D-54F738F2950C}.Debug|x64.ActiveCfg = Debug|x64
		{1A2A73BF-D8DA-4BD2-994D-54F738F2950C}.Debug|x64.Build.0 = Debug|x64
		{1A2A73BF-D8DA-4BD2-994D-54F738F2950C}.Release|x64.ActiveCfg = Release|x64
		{1A2A73BF-D8DA-4BD2-994D-54F738F2950C}.Release|x64.Build.0 = Release|x64
		{3282219B-4D58-4FC5-A7A5-BDBED3CF173A}.Debug|x64.ActiveCfg = Debug|x64
		{3282219B-4D58-4FC5-A7A5-BDBED3CF173A}.Debug|x64.Build.0 = Debug|x64
		{3282219B-4D58-4FC5-A7A5-BDBED3CF173A}.Release|x64.ActiveCfg = Release|x64
		{3282219B-4D58-4FC5-A7A5-BDBED3CF173A}.Release|x64.Build.0 = Release|x64
		{C11F2167-C76C-41ED-B4D5-DAA1D492E288}.Debug|x64.ActiveCfg = Debug|x64
		{C11F2167-C76C-41ED-B4D5-DAA1D492E288}.Debug|x64.Build.0 = Debug|x64
		{C11F2167-C76C-41ED-B4D5-DAA1D492E288}.Release|x64.ActiveCfg = Release|x64
		{C11F2167-C76C-41ED-B4D5-DAA1D492E288}.Release|x64.Build.0 = Release|x64
		{EDD3DD06-D208-4272-8140-0C94E620AE37}.Debug|x64.ActiveCfg = Debug|x64
		{EDD3DD06-D208-4272-8140-0C94E620AE37}.Debug|x64.Build.0 = Debug|x64
		{EDD3DD06-D208-4272-8140-0C94E620AE37}.Release|x64.ActiveCfg = Release|x64
		{EDD3DD06-D208-4272-8140-0C94E620AE37}.Release|x64.Build.0 = Release|x64
		{AB126D2B-E9DC-46D8-B9C1-491DBECB7E32}.Debug|x64.ActiveCfg = Debug|x64
		{AB126D2B-E9DC-46D8-B9C1-491DBECB7E32}.Debug|x64.Build.0 = Debug|x64
		{AB126D2B-E9DC-46D8-B9C1-491DBECB7E32}.Release|x64.ActiveCfg = Release|x64
		{AB126D2B-E9DC-46D8-B9C1-491DBECB7E32}.Release|x64.Build.0 = Release|x64
		{2F94AD96-B755-4CF4-A275-BD7751936972}.Debug|x64.ActiveCfg = Debug|x64
		{2F94AD96-B755-4CF4-A275-BD7751936972}.Debug|x64.Build.0 = Debug|x64
		{2F94AD96-B755-4CF4-A275-BD7751936972}.Release|x64.ActiveCfg = Release|x64
		{2F94AD96-B755-4CF4-A275-BD7751936972}.Release|x64.Build.0 = Release|x64
		{29CE2F53-B173-4748-AF5C-5F284C79AD84}.Debug|x64.ActiveCfg = Debug|x64
		{29CE2F53-B173-4748-AF5C-5F284C79AD84}.Debug|x64.Build.0 = Debug|x64
		{29CE2F53-B173-4748-AF5C-5F284C79AD84}.Release|x64.ActiveCfg = Release|x64
		{29CE2F53-B173-4748-AF5C-5F284C79AD84}.Release|x64.Build.0 = Release|x64
		{CE30677F-B2C5-46E5-B217-448253856F37}.Debug|x64.ActiveCfg = Debug|x64
		{CE30677F-B2C5-46E5-B217-448253856F37}.Debug|x64.Build.0 = Debug|x64
		{CE30677F-B2C5-46E5-B217-448253856F37}.Release|x64.ActiveCfg = Release|x64
		{CE30677F-B2C5-46E5-B217-448253856F37}.Release|x64.Build.0 = Release|x64
		{CC19AA39-C322-4CED-A591-09F3E35287C3}.Debug|x64.ActiveCfg = Debug|x64
		{CC19AA39-C322-4CED-A591-09F3E35287C3}.Debug|x64.Build.0 = Debug|x64
		{CC19AA39-C322-4CED-A591-09F3E35287C3}.Release|x64.ActiveCfg = Release|x64
		{CC19AA39-C322-4CED-A591-09F3E35287C3}.Release|x64.Build.0 = Release|x64
		{21971CC6-CF33-4430-AC03-8304493CF553}.Debug|x64.ActiveCfg = Debug|x64
		{21971CC6-CF33-4430-AC03-8304493CF553}.Debug|x64.Build.0 = Debug|x64
		{21971CC6-CF33-4430-AC03-8304493CF553}.Release|x64.ActiveCfg = Release|x64
		{21971CC6-CF33-4430-AC03-8304493CF553}.Release|x64.Build.0 = Release|x64
		{9F0E530F-1054-4745-A935-F2D1FD686102}.Debug|x64.ActiveCfg = Debug|x64
		{9F0E530F-1054-4745-A935-F2D1FD686102}.Debug|x64.Build.0 = Debug|x64
		{9F0E530F-1054-4745-A935-F2D1FD686102}.Release|x64.ActiveCfg = Release|x64
		{9F0E530F-1054-4745-A935-F2D1FD686102}.Release|x64.Build.0 = Release|x64
		{78F3B4C4-4EB4-4426-B140-8D860273D845}.Debug|x64.ActiveCfg = Debug|x64
		{78F3B4C4-4EB4-4426-B140-8D860273D845}.Debug|x64.Build.0 = Debug|x64
		{78F3B4C4-4EB4-4426-B140-8D860273D845}.Release|x64.ActiveCfg = Release|x64
		{78F3B4C4-4EB4-4426-B140-8D860273D845}.Release|x64.Build.0 = Release|x64
		{4F759134-0729-4DCC-A668-CAF588FD1671}.Debug|x64.ActiveCfg = Debug|x64
		{4F759134-0729-4DCC-A668-CAF588FD1671}.Debug|x64.Build.0 = Debug|x64
		{4F759134-0729-4DCC-A668-CAF588FD1671}.Release|x64.ActiveCfg = Release|x64
		{4F759134-0729-4DCC-A668-CAF588FD1671}.Release|x64.Build.0 = Release|x64
		{BD93B07A-43AC-42C1-8FEA-5EED624A8477}.Debug|x64.ActiveCfg = Debug|x64
		{BD93B07A-43AC-42C1-8FEA-5EED624A8477}.Debug|x64.Build.0 = Debug|x64
		{BD93B07A-43AC-42C1-8FEA-5EED624A8477}.Release|x64.ActiveCfg = Release|x64
		{BD93B07A-43AC-42C1-8FEA-5EED624A8477}.Release|x64.Build.0 = Release|x64
		{106E4A91-D344-4017-8B97-4C3EA7600044}.Debug|x64.ActiveCfg = Debug|x64
		{106E4A91-D344-4017-8B97-4C3EA7600044}.Debug|x64.Build.0 = Debug|x64
		{106E4A91-D344-4017-8B97-4C3EA7600044}.Release|x64.ActiveCfg = Release|x64
		{106E4A91-D344-4017-8B97-4C3EA7600044}.Release|x64.Build.0 = Release|x64
		{EEAAA22D-280F-439C-8564-6E511A1C06D9}.Debug|x64.ActiveCfg = Debug|x64
		{EEAAA22D-280F-439C-8564-6E511A1C06D9}.Debug|x64.Build.0 = Debug|x64
		{EEAAA22D-280F-439C-8564-6E511A1C06D9}.Release|x64.ActiveCfg = Release|x64
		{EEAAA22D-280F-439C-8564-6E511A1C06D9}.Release|x64.Build.0 = Release|x64
		{51B1E6F8-A0B6-4F7C-AABC-A0599158DD19}.Debug|x64.ActiveCfg = Debug|x64
		{51B1E6F8-A0B6-4F7C-AABC-A0599158DD19}.Debug|x64.Build.0 = Debug|x64
		{51B1E6F8-A0B6-4F7C-AABC-A0599158DD19}.Release|x64.ActiveCfg = Release|x64
		{51B1E6F8-A0B6-4F7C-AABC-A0599158DD19}.Release|x64.Build.0 = Release|x64
		{683FFCCE-3770-4A0E-AB96-3AF7A11F4E64}.Debug|x64.ActiveCfg = Debug|x64
		{683FFCCE-3770-4A0E-AB96-3AF7A11F4E64}.Debug|x64.Build.0 = Debug|x64
		{683FFCCE-3770-4A0E-AB96-3AF7A11F4E64}.Release|x64.ActiveCfg = Release|x64
		{683FFCCE-3770-4A0E-AB96-3AF7A11F4E64}.Release|x64.Build.0 = Release|x64
	EndGlobalSection
	GlobalSection(SolutionProperties) = preSolution
		HideSolutionNode = FALSE
	EndGlobalSection
	GlobalSection(NestedProjects) = preSolution
		{1BFC9E16-6962-4FE5-981B-0B2C90F3CEA8} = {EBBBC5AB-E662-45E5-BA81-FB445F6B829F}
		{6F09D823-1ABB-4AEF-8338-A654DFB21FC3} = {1BFC9E16-6962-4FE5-981B-0B2C90F3CEA8}
		{B3D12233-9673-4CE5-A799-2C2124912D09} = {1BFC9E16-6962-4FE5-981B-0B2C90F3CEA8}
		{A4EC6EE6-8317-41AC-A866-8BF7F58CDAB4} = {1BFC9E16-6962-4FE5-981B-0B2C90F3CEA8}
		{632BC121-F979-4CD5-9AAC-B6C93B521153} = {1BFC9E16-6962-4FE5-981B-0B2C90F3CEA8}
		{29B24DE1-B5B3-430B-A861-194C2061B1B4} = {1BFC9E16-6962-4FE5-981B-0B2C90F3CEA8}
		{438B0EB0-98FE-45ED-913D-2F0AF248CADE} = {1BFC9E16-6962-4FE5-981B-0B2C90F3CEA8}
		{2DE20A8B-AD6C-4BAB-9C50-B7486D87639F} = {8F2852EA-C968-4E5B-A7A9-CEB630B4BD98}
		{B48CF3BD-AE15-4D41-A9B6-31EFADCDABB3} = {2DE20A8B-AD6C-4BAB-9C50-B7486D87639F}
		{2BC149B1-169A-47F1-B2A1-816CBE026B2A} = {2DE20A8B-AD6C-4BAB-9C50-B7486D87639F}
		{3E409FD3-0FA4-43F4-AD13-138DF1A600D4} = {2DE20A8B-AD6C-4BAB-9C50-B7486D87639F}
		{6E23AE98-74D9-44C7-B305-E502931E8690} = {2DE20A8B-AD6C-4BAB-9C50-B7486D87639F}
		{841FA4DB-5893-4815-B47F-0CD7ED117764} = {2DE20A8B-AD6C-4BAB-9C50-B7486D87639F}
		{B363E3AD-9AB5-4A10-831E-B4B46D6A34EA} = {8F2852EA-C968-4E5B-A7A9-CEB630B4BD98}
		{24A9688A-3A91-49E7-9DA0-2262853AA1FC} = {B363E3AD-9AB5-4A10-831E-B4B46D6A34EA}
		{C4D4CE7E-AEC1-4D83-B163-215F386BFA3B} = {24A9688A-3A91-49E7-9DA0-2262853AA1FC}
		{F3A78363-31BA-40E0-8C99-7A45E8A3ADDD} = {24A9688A-3A91-49E7-9DA0-2262853AA1FC}
		{EB5874F2-E40E-4E39-AE8D-B529A63D6641} = {B363E3AD-9AB5-4A10-831E-B4B46D6A34EA}
		{7010FD1A-73F7-4CAB-9BE4-4E0E3DE5D015} = {EB5874F2-E40E-4E39-AE8D-B529A63D6641}
		{93C31CF9-62D0-4FE8-B909-98A719B857D6} = {B363E3AD-9AB5-4A10-831E-B4B46D6A34EA}
		{BBE3F455-0B8A-4802-9402-FC6CAC8D2989} = {93C31CF9-62D0-4FE8-B909-98A719B857D6}
		{5F5EA5B9-32BA-4F99-846E-9C6BB36DB3AF} = {93C31CF9-62D0-4FE8-B909-98A719B857D6}
		{75C179A4-1EF9-4806-8592-096613023D1E} = {B363E3AD-9AB5-4A10-831E-B4B46D6A34EA}
		{96135113-19F7-49F6-9D44-827B3558BB7B} = {75C179A4-1EF9-4806-8592-096613023D1E}
		{1A2A73BF-D8DA-4BD2-994D-54F738F2950C} = {75C179A4-1EF9-4806-8592-096613023D1E}
		{3282219B-4D58-4FC5-A7A5-BDBED3CF173A} = {75C179A4-1EF9-4806-8592-096613023D1E}
		{9BA6ED51-C01D-47A2-95FB-9F179C824B00} = {B363E3AD-9AB5-4A10-831E-B4B46D6A34EA}
		{C11F2167-C76C-41ED-B4D5-DAA1D492E288} = {9BA6ED51-C01D-47A2-95FB-9F179C824B00}
		{EDD3DD06-D208-4272-8140-0C94E620AE37} = {9BA6ED51-C01D-47A2-95FB-9F179C824B00}
		{AB126D2B-E9DC-46D8-B9C1-491DBECB7E32} = {9BA6ED51-C01D-47A2-95FB-9F179C824B00}
		{BB4706F0-58F7-463F-B40B-616E9E4564EF} = {B363E3AD-9AB5-4A10-831E-B4B46D6A34EA}
		{5A47864A-2B76-4466-A309-875A9E01AFC2} = {B363E3AD-9AB5-4A10-831E-B4B46D6A34EA}
		{2F94AD96-B755-4CF4-A275-BD7751936972} = {BB4706F0-58F7-463F-B40B-616E9E4564EF}
		{29CE2F53-B173-4748-AF5C-5F284C79AD84} = {BB4706F0-58F7-463F-B40B-616E9E4564EF}
		{CE30677F-B2C5-46E5-B217-448253856F37} = {5A47864A-2B76-4466-A309-875A9E01AFC2}
		{CC19AA39-C322-4CED-A591-09F3E35287C3} = {5A47864A-2B76-4466-A309-875A9E01AFC2}
		{21971CC6-CF33-4430-AC03-8304493CF553} = {5A47864A-2B76-4466-A309-875A9E01AFC2}
		{9F0E530F-1054-4745-A935-F2D1FD686102} = {5A47864A-2B76-4466-A309-875A9E01AFC2}
		{78F3B4C4-4EB4-4426-B140-8D860273D845} = {5A47864A-2B76-4466-A309-875A9E01AFC2}
		{4F759134-0729-4DCC-A668-CAF588FD1671} = {5A47864A-2B76-4466-A309-875A9E01AFC2}
		{BD93B07A-43AC-42C1-8FEA-5EED624A8477} = {5A47864A-2B76-4466-A309-875A9E01AFC2}
		{106E4A91-D344-4017-8B97-4C3EA7600044} = {5A47864A-2B76-4466-A309-875A9E01AFC2}
		{EEAAA22D-280F-439C-8564-6E511A1C06D9} = {5A47864A-2B76-4466-A309-875A9E01AFC2}
		{ABD89FF2-0E45-4971-9BC4-100FA5D9F77B} = {FBC7E3EF-B700-430F-886A-9EFCA2ED5DC4}
		{DF6B39CA-DB56-440B-BDAC-B1FCD25C3CA5} = {ABD89FF2-0E45-4971-9BC4-100FA5D9F77B}
		{8054328C-FAFD-4094-A288-847C0D298373} = {DF6B39CA-DB56-440B-BDAC-B1FCD25C3CA5}
		{51B1E6F8-A0B6-4F7C-AABC-A0599158DD19} = {8054328C-FAFD-4094-A288-847C0D298373}
		{683FFCCE-3770-4A0E-AB96-3AF7A11F4E64} = {8054328C-FAFD-4094-A288-847C0D298373}
	EndGlobalSection
	GlobalSection(ExtensibilityGlobals) = postSolution
		SolutionGuid = {5806D430-DEB4-4E2B-8838-C80B410D7661}
	EndGlobalSection
EndGlobal
